PODS:
  - Alamofire (4.9.1)
  - RxSwift (6.0.0-rc.1)

DEPENDENCIES:
  - Alamofire (~> 4.4)
  - RxSwift (= 6.0.0-rc.1)

SPEC REPOS:
  trunk:
    - Alamofire
    - RxSwift

SPEC CHECKSUMS:
  Alamofire: 85e8a02c69d6020a0d734f6054870d7ecb75cf18
  RxSwift: dae1a32c48148897494b9e2a6b00a68b40694236

PODFILE CHECKSUM: 0e61f5240fb5afa8511491e565fe08b8946e1dc5

COCOAPODS: 1.8.4
